{
  "name": "doc-sanitizer-cli",
  "lockfileVersion": 3,
  "requires": true,
  "packages": {
    "": {
      "dependencies": {
        "openredaction": "^1.1.2"
      }
    },
    "node_modules/openredaction": {
      "version": "1.1.2",
      "resolved": "https://registry.npmjs.org/openredaction/-/openredaction-1.1.2.tgz",
      "integrity": "sha512-jxHG+LcNvqCFJDrDpCsNygE26XFCfj3kafyVfNtdbQBSApDDNcoQYWMp5rIKstQQ70Eg5AjEU41jFRp6pnfIqw==",
      "license": "MIT",
      "engines": {
        "node": ">=20.0.0"
      },
      "peerDependencies": {
        "mammoth": "^1.6.0",
        "pdf-parse": "^1.1.1",
        "react": "^18.0.0 || ^19.0.0",
        "tesseract.js": "^5.0.0"
      },
      "peerDependenciesMeta": {
        "mammoth": {
          "optional": true
        },
        "pdf-parse": {
          "optional": true
        },
        "react": {
          "optional": true
        },
        "tesseract.js": {
          "optional": true
        }
      }
    }
  }
}
